Microsoft Visual Studio Solution File, Format Version 11.00
# Visual Studio 2008

Project("{B156A8D1-E262-BA11-334A-974A597223C3}") = "Firmamentum", "Assembly-CSharp-firstpass.csproj", "{CC639E4B-15EC-CC8D-A281-D6EBF690C095}"
EndProject
Project("{B156A8D1-E262-BA11-334A-974A597223C3}") = "Firmamentum", "Assembly-CSharp.csproj", "{285B9E5D-C859-D0D7-2EB7-9652D13CBC55}"
EndProject
Project("{B156A8D1-E262-BA11-334A-974A597223C3}") = "Firmamentum", "Assembly-CSharp-Editor.csproj", "{B690653B-30A1-1C1B-DB92-7740618DCB3A}"
EndProject
Project("{B156A8D1-E262-BA11-334A-974A597223C3}") = "Firmamentum", "Assembly-UnityScript-firstpass.unityproj", "{A132A147-FCF3-B791-5823-3A5413A305B3}"
EndProject
Project("{B156A8D1-E262-BA11-334A-974A597223C3}") = "Firmamentum", "Assembly-UnityScript.unityproj", "{E31151A8-0169-78F8-C426-1F70BAE12737}"
EndProject
Project("{B156A8D1-E262-BA11-334A-974A597223C3}") = "Firmamentum", "Assembly-UnityScript-Editor.unityproj", "{0A47B0C2-29B6-B135-C222-3F343110879C}"
EndProject
Global
	GlobalSection(SolutionConfigurationPlatforms) = preSolution
		Debug|Any CPU = Debug|Any CPU
		Release|Any CPU = Release|Any CPU
	EndGlobalSection
	GlobalSection(ProjectConfigurationPlatforms) = postSolution
		{CC639E4B-15EC-CC8D-A281-D6EBF690C095}.Debug|Any CPU.ActiveCfg = Debug|Any CPU
		{CC639E4B-15EC-CC8D-A281-D6EBF690C095}.Debug|Any CPU.Build.0 = Debug|Any CPU
		{CC639E4B-15EC-CC8D-A281-D6EBF690C095}.Release|Any CPU.ActiveCfg = Release|Any CPU
		{CC639E4B-15EC-CC8D-A281-D6EBF690C095}.Release|Any CPU.Build.0 = Release|Any CPU
		{285B9E5D-C859-D0D7-2EB7-9652D13CBC55}.Debug|Any CPU.ActiveCfg = Debug|Any CPU
		{285B9E5D-C859-D0D7-2EB7-9652D13CBC55}.Debug|Any CPU.Build.0 = Debug|Any CPU
		{285B9E5D-C859-D0D7-2EB7-9652D13CBC55}.Release|Any CPU.ActiveCfg = Release|Any CPU
		{285B9E5D-C859-D0D7-2EB7-9652D13CBC55}.Release|Any CPU.Build.0 = Release|Any CPU
		{B690653B-30A1-1C1B-DB92-7740618DCB3A}.Debug|Any CPU.ActiveCfg = Debug|Any CPU
		{B690653B-30A1-1C1B-DB92-7740618DCB3A}.Debug|Any CPU.Build.0 = Debug|Any CPU
		{B690653B-30A1-1C1B-DB92-7740618DCB3A}.Release|Any CPU.ActiveCfg = Release|Any CPU
		{B690653B-30A1-1C1B-DB92-7740618DCB3A}.Release|Any CPU.Build.0 = Release|Any CPU
		{A132A147-FCF3-B791-5823-3A5413A305B3}.Debug|Any CPU.ActiveCfg = Debug|Any CPU
		{A132A147-FCF3-B791-5823-3A5413A305B3}.Debug|Any CPU.Build.0 = Debug|Any CPU
		{A132A147-FCF3-B791-5823-3A5413A305B3}.Release|Any CPU.ActiveCfg = Release|Any CPU
		{A132A147-FCF3-B791-5823-3A5413A305B3}.Release|Any CPU.Build.0 = Release|Any CPU
		{E31151A8-0169-78F8-C426-1F70BAE12737}.Debug|Any CPU.ActiveCfg = Debug|Any CPU
		{E31151A8-0169-78F8-C426-1F70BAE12737}.Debug|Any CPU.Build.0 = Debug|Any CPU
		{E31151A8-0169-78F8-C426-1F70BAE12737}.Release|Any CPU.ActiveCfg = Release|Any CPU
		{E31151A8-0169-78F8-C426-1F70BAE12737}.Release|Any CPU.Build.0 = Release|Any CPU
		{0A47B0C2-29B6-B135-C222-3F343110879C}.Debug|Any CPU.ActiveCfg = Debug|Any CPU
		{0A47B0C2-29B6-B135-C222-3F343110879C}.Debug|Any CPU.Build.0 = Debug|Any CPU
		{0A47B0C2-29B6-B135-C222-3F343110879C}.Release|Any CPU.ActiveCfg = Release|Any CPU
		{0A47B0C2-29B6-B135-C222-3F343110879C}.Release|Any CPU.Build.0 = Release|Any CPU
	EndGlobalSection
	GlobalSection(SolutionProperties) = preSolution
		HideSolutionNode = FALSE
	EndGlobalSection
																																																																																																																									GlobalSection(MonoDevelopProperties) = preSolution
		StartupItem = Assembly-CSharp.csproj
		Policies = $0
		$0.TextStylePolicy = $1
		$1.inheritsSet = null
		$1.scope = text/x-csharp
		$0.CSharpFormattingPolicy = $2
		$2.inheritsSet = Mono
		$2.inheritsScope = text/x-csharp
		$2.scope = text/x-csharp
		$0.TextStylePolicy = $3
		$3.FileWidth = 120
		$3.TabWidth = 4
		$3.EolMarker = Unix
		$3.inheritsSet = Mono
		$3.inheritsScope = text/plain
		$3.scope = text/plain
	EndGlobalSection

EndGlobal
